Microsoft Visual Studio Solution File, Format Version 12.00
# Visual Studio 2012
Project("{FAE04EC0-301F-11D3-BF4B-00C04F79EFBC}") = "Elli.Api.Contacts", "src\Elli.Api.Contacts\Elli.Api.Contacts.csproj", "{C1D03891-C4C3-46B9-9BDB-F0ACD9AE8B19}"
EndProject
Project("{FAE04EC0-301F-11D3-BF4B-00C04F79EFBC}") = "Elli.Api.Contacts.Test", "src\Elli.Api.Contacts.Test\Elli.Api.Contacts.Test.csproj", "{8D5A0975-9B3A-4CDB-BB3D-C17198DEB03E}"
EndProject
Global
	GlobalSection(SolutionConfigurationPlatforms) = preSolution
		Debug|Any CPU = Debug|Any CPU
		Release|Any CPU = Release|Any CPU
	EndGlobalSection
	GlobalSection(ProjectConfigurationPlatforms) = postSolution
		{C1D03891-C4C3-46B9-9BDB-F0ACD9AE8B19}.Debug|Any CPU.ActiveCfg = Debug|Any CPU
		{C1D03891-C4C3-46B9-9BDB-F0ACD9AE8B19}.Debug|Any CPU.Build.0 = Debug|Any CPU
		{C1D03891-C4C3-46B9-9BDB-F0ACD9AE8B19}.Release|Any CPU.ActiveCfg = Release|Any CPU
		{C1D03891-C4C3-46B9-9BDB-F0ACD9AE8B19}.Release|Any CPU.Build.0 = Release|Any CPU
		{8D5A0975-9B3A-4CDB-BB3D-C17198DEB03E}.Debug|Any CPU.ActiveCfg = Debug|Any CPU
		{8D5A0975-9B3A-4CDB-BB3D-C17198DEB03E}.Debug|Any CPU.Build.0 = Debug|Any CPU
		{8D5A0975-9B3A-4CDB-BB3D-C17198DEB03E}.Release|Any CPU.ActiveCfg = Release|Any CPU
		{8D5A0975-9B3A-4CDB-BB3D-C17198DEB03E}.Release|Any CPU.Build.0 = Release|Any CPU
	EndGlobalSection
	GlobalSection(SolutionProperties) = preSolution
		HideSolutionNode = FALSE
	EndGlobalSection
EndGlobal
