Microsoft Visual Studio Solution File, Format Version 12.00
# Visual Studio 15
VisualStudioVersion = 15.0.28307.779
MinimumVisualStudioVersion = 10.0.40219.1
Project("{FAE04EC0-301F-11D3-BF4B-00C04F79EFBC}") = "Elli.Api.Contacts", "src\Elli.Api.Contacts\Elli.Api.Contacts.csproj", "{11EFD996-B0A5-4F04-B6D4-37D3D50D7368}"
EndProject
Project("{FAE04EC0-301F-11D3-BF4B-00C04F79EFBC}") = "Elli.Api.Contacts.Test", "src\Elli.Api.Contacts.Test\Elli.Api.Contacts.Test.csproj", "{8D5A0975-9B3A-4CDB-BB3D-C17198DEB03E}"
EndProject
Global
	GlobalSection(SolutionConfigurationPlatforms) = preSolution
		Debug|Any CPU = Debug|Any CPU
		Release|Any CPU = Release|Any CPU
	EndGlobalSection
	GlobalSection(ProjectConfigurationPlatforms) = postSolution
		{11EFD996-B0A5-4F04-B6D4-37D3D50D7368}.Debug|Any CPU.ActiveCfg = Debug|Any CPU
		{11EFD996-B0A5-4F04-B6D4-37D3D50D7368}.Debug|Any CPU.Build.0 = Debug|Any CPU
		{11EFD996-B0A5-4F04-B6D4-37D3D50D7368}.Release|Any CPU.ActiveCfg = Release|Any CPU
		{11EFD996-B0A5-4F04-B6D4-37D3D50D7368}.Release|Any CPU.Build.0 = Release|Any CPU
		{8D5A0975-9B3A-4CDB-BB3D-C17198DEB03E}.Debug|Any CPU.ActiveCfg = Debug|Any CPU
		{8D5A0975-9B3A-4CDB-BB3D-C17198DEB03E}.Debug|Any CPU.Build.0 = Debug|Any CPU
		{8D5A0975-9B3A-4CDB-BB3D-C17198DEB03E}.Release|Any CPU.ActiveCfg = Release|Any CPU
		{8D5A0975-9B3A-4CDB-BB3D-C17198DEB03E}.Release|Any CPU.Build.0 = Release|Any CPU
	EndGlobalSection
	GlobalSection(SolutionProperties) = preSolution
		HideSolutionNode = FALSE
	EndGlobalSection
	GlobalSection(ExtensibilityGlobals) = postSolution
		SolutionGuid = {A74B36C2-6625-4EBE-B360-03FEEEBC03D7}
	EndGlobalSection
EndGlobal
